<?xml version="1.0" encoding="utf-8"?>
<Project ToolsVersion="4.0" xmlns="http://schemas.microsoft.com/developer/msbuild/2003">
  <ItemGroup>
    <ClCompile Include="src\Game.cpp" />
    <ClCompile Include="include\stdafx.cpp" />
    <ClCompile Include="external\App\app.cpp">
      <Filter>NextAPI</Filter>
    </ClCompile>
    <ClCompile Include="external\App\main.cpp">
      <Filter>NextAPI</Filter>
    </ClCompile>
    <ClCompile Include="external\App\SimpleController.cpp">
      <Filter>NextAPI</Filter>
    </ClCompile>
    <ClCompile Include="external\App\SimpleSound.cpp">
      <Filter>NextAPI</Filter>
    </ClCompile>
    <ClCompile Include="external\App\SimpleSprite.cpp">
      <Filter>NextAPI</Filter>
    </ClCompile>
    <ClCompile Include="external\stb_image\stb_image.cpp">
      <Filter>stb_image</Filter>
    </ClCompile>
    <ClCompile Include="src\Math\Matrix\Matrix.cpp" />
    <ClCompile Include="src\Math\Vector3\Vector3.cpp" />
    <ClCompile Include="src\Graphics\Mesh\Mesh.cpp" />
    <ClCompile Include="src\Graphics\Triangle\Triangle.cpp" />
    <ClCompile Include="src\Scene\Scene.cpp" />
  </ItemGroup>
  <ItemGroup>
    <ClInclude Include="include\stdafx.h" />
    <ClInclude Include="external\App\app.h">
      <Filter>NextAPI</Filter>
    </ClInclude>
    <ClInclude Include="external\App\AppSettings.h">
      <Filter>NextAPI</Filter>
    </ClInclude>
    <ClInclude Include="external\App\main.h">
      <Filter>NextAPI</Filter>
    </ClInclude>
    <ClInclude Include="external\App\SimpleController.h">
      <Filter>NextAPI</Filter>
    </ClInclude>
    <ClInclude Include="external\App\SimpleSound.h">
      <Filter>NextAPI</Filter>
    </ClInclude>
    <ClInclude Include="external\App\SimpleSprite.h">
      <Filter>NextAPI</Filter>
    </ClInclude>
    <ClInclude Include="include\targetver.h">
      <Filter>NextAPI</Filter>
    </ClInclude>
    <ClInclude Include="external\stb_image\stb_image.h">
      <Filter>stb_image</Filter>
    </ClInclude>
    <ClInclude Include="src\Math\Matrix\Matrix.h" />
    <ClInclude Include="src\Math\Vector3\Vector3.h" />
    <ClInclude Include="src\Graphics\Mesh\Mesh.h" />
    <ClInclude Include="src\Graphics\Triangle\Triangle.h" />
    <ClInclude Include="src\Scene\Scene.h" />
  </ItemGroup>
  <ItemGroup>
    <Filter Include="NextAPI">
      <UniqueIdentifier>{f318918d-bb9f-4402-ae1c-4f72186d16f6}</UniqueIdentifier>
    </Filter>
    <Filter Include="stb_image">
      <UniqueIdentifier>{61cfc19b-c57e-4021-b530-bac172fcba86}</UniqueIdentifier>
    </Filter>
  </ItemGroup>
  <ItemGroup>
    <Text Include="ReadMe.txt">
      <Filter>NextAPI</Filter>
    </Text>
  </ItemGroup>
</Project>